
Microsoft Visual Studio Solution File, Format Version 12.00
# Visual Studio Version 16
VisualStudioVersion = 16.0.31112.23
MinimumVisualStudioVersion = 10.0.40219.1
Project("{2150E333-8FDC-42A3-9474-1A3956D46DE8}") = "Microservices", "Microservices", "{A2941ABD-FF58-4533-B3A5-A5DC9EB39E98}"
EndProject
Project("{2150E333-8FDC-42A3-9474-1A3956D46DE8}") = "Domain", "Domain", "{53F32F83-36F3-4727-AABF-F308D6F58AAE}"
EndProject
Project("{2150E333-8FDC-42A3-9474-1A3956D46DE8}") = "Infra.Bus", "Infra.Bus", "{CB089A9D-61FF-4643-91E2-3F96995BF82C}"
EndProject
Project("{2150E333-8FDC-42A3-9474-1A3956D46DE8}") = "Infra.IoC", "Infra.IoC", "{65973FCC-9AA1-47D5-8925-2BC461DB655B}"
EndProject
Project("{2150E333-8FDC-42A3-9474-1A3956D46DE8}") = "Presentation", "Presentation", "{A194A654-1632-4B5A-8E7D-9A2C2BF0354F}"
EndProject
Project("{FAE04EC0-301F-11D3-BF4B-00C04F79EFBC}") = "MicroRabbit.Domain.Core", "MicroRabbit.Domain.Core\MicroRabbit.Domain.Core.csproj", "{5766F0DC-8FAC-4898-BE9F-68C591943E62}"
EndProject
Global
	GlobalSection(SolutionConfigurationPlatforms) = preSolution
		Debug|Any CPU = Debug|Any CPU
		Release|Any CPU = Release|Any CPU
	EndGlobalSection
	GlobalSection(ProjectConfigurationPlatforms) = postSolution
		{5766F0DC-8FAC-4898-BE9F-68C591943E62}.Debug|Any CPU.ActiveCfg = Debug|Any CPU
		{5766F0DC-8FAC-4898-BE9F-68C591943E62}.Debug|Any CPU.Build.0 = Debug|Any CPU
		{5766F0DC-8FAC-4898-BE9F-68C591943E62}.Release|Any CPU.ActiveCfg = Release|Any CPU
		{5766F0DC-8FAC-4898-BE9F-68C591943E62}.Release|Any CPU.Build.0 = Release|Any CPU
	EndGlobalSection
	GlobalSection(SolutionProperties) = preSolution
		HideSolutionNode = FALSE
	EndGlobalSection
	GlobalSection(NestedProjects) = preSolution
		{5766F0DC-8FAC-4898-BE9F-68C591943E62} = {53F32F83-36F3-4727-AABF-F308D6F58AAE}
	EndGlobalSection
	GlobalSection(ExtensibilityGlobals) = postSolution
		SolutionGuid = {C5384A11-8E0F-4DFD-8FFE-C05CB4D68C0A}
	EndGlobalSection
EndGlobal
